
Microsoft Visual Studio Solution File, Format Version 12.00
# Visual Studio Version 17
VisualStudioVersion = 17.9.34622.214
MinimumVisualStudioVersion = 10.0.40219.1
Project("{FAE04EC0-301F-11D3-BF4B-00C04F79EFBC}") = "modul2kartika", "modul2kartika\modul2kartika.csproj", "{51CDF381-9CEF-4E15-B8A9-968D8C924C2B}"
EndProject
Global
	GlobalSection(SolutionConfigurationPlatforms) = preSolution
		Debug|Any CPU = Debug|Any CPU
		Release|Any CPU = Release|Any CPU
	EndGlobalSection
	GlobalSection(ProjectConfigurationPlatforms) = postSolution
		{51CDF381-9CEF-4E15-B8A9-968D8C924C2B}.Debug|Any CPU.ActiveCfg = Debug|Any CPU
		{51CDF381-9CEF-4E15-B8A9-968D8C924C2B}.Debug|Any CPU.Build.0 = Debug|Any CPU
		{51CDF381-9CEF-4E15-B8A9-968D8C924C2B}.Release|Any CPU.ActiveCfg = Release|Any CPU
		{51CDF381-9CEF-4E15-B8A9-968D8C924C2B}.Release|Any CPU.Build.0 = Release|Any CPU
	EndGlobalSection
	GlobalSection(SolutionProperties) = preSolution
		HideSolutionNode = FALSE
	EndGlobalSection
	GlobalSection(ExtensibilityGlobals) = postSolution
		SolutionGuid = {E43E6646-9260-42D3-8104-B72BF0E8E07E}
	EndGlobalSection
EndGlobal
